<?xml version="1.0" encoding="utf-8"?>
<Project ToolsVersion="4.0" xmlns="http://schemas.microsoft.com/developer/msbuild/2003">
  <ItemGroup>
    <Filter Include="Source Files">
      <UniqueIdentifier>{4FC737F1-C7A5-4376-A066-2A32D752A2FF}</UniqueIdentifier>
      <Extensions>cpp;c;cc;cxx;def;odl;idl;hpj;bat;asm;asmx</Extensions>
    </Filter>
    <Filter Include="Header Files">
      <UniqueIdentifier>{93995380-89BD-4b04-88EB-625FBE52EBFB}</UniqueIdentifier>
      <Extensions>h;hh;hpp;hxx;hm;inl;inc;xsd</Extensions>
    </Filter>
    <Filter Include="Resource Files">
      <UniqueIdentifier>{67DA6AB6-F800-4c08-8B7A-83BB121AAD01}</UniqueIdentifier>
      <Extensions>rc;ico;cur;bmp;dlg;rc2;rct;bin;rgs;gif;jpg;jpeg;jpe;resx;tiff;tif;png;wav;mfcribbon-ms</Extensions>
    </Filter>
  </ItemGroup>
  <ItemGroup>
    <None Include="AngularController.ino" />
  </ItemGroup>
  <ItemGroup>
    <ClInclude Include="__vm\.AngularController.vsarduino.h">
      <Filter>Header Files</Filter>
    </ClInclude>
    <ClInclude Include="libs\compass\AdafruitCompass.h">
      <Filter>Header Files</Filter>
    </ClInclude>
    <ClInclude Include="libs\compass\compass.h">
      <Filter>Header Files</Filter>
    </ClInclude>
    <ClInclude Include="libs\controller\motor\Motor.h">
      <Filter>Header Files</Filter>
    </ClInclude>
    <ClInclude Include="libs\controller\Abstract2WDController.h">
      <Filter>Header Files</Filter>
    </ClInclude>
    <ClInclude Include="libs\interruptor\AbstractInterruptor.h">
      <Filter>Header Files</Filter>
    </ClInclude>
    <ClInclude Include="libs\interruptor\WaitInterruptor.h">
      <Filter>Header Files</Filter>
    </ClInclude>
    <ClInclude Include="libs\controller\AngularController.h">
      <Filter>Header Files</Filter>
    </ClInclude>
    <ClInclude Include="libs\tools\Range.h">
      <Filter>Header Files</Filter>
    </ClInclude>
    <ClInclude Include="libs\interruptor\CompassRangeInterruptor.h">
      <Filter>Header Files</Filter>
    </ClInclude>
  </ItemGroup>
  <ItemGroup>
    <ClCompile Include="libs\compass\AdafruitCompass.cpp">
      <Filter>Source Files</Filter>
    </ClCompile>
    <ClCompile Include="libs\controller\motor\Motor.cpp">
      <Filter>Source Files</Filter>
    </ClCompile>
    <ClCompile Include="libs\controller\Abstract2WDController.cpp">
      <Filter>Source Files</Filter>
    </ClCompile>
    <ClCompile Include="libs\interruptor\AbstractInterruptor.cpp">
      <Filter>Source Files</Filter>
    </ClCompile>
    <ClCompile Include="libs\interruptor\WaitInterruptor.cpp">
      <Filter>Source Files</Filter>
    </ClCompile>
    <ClCompile Include="libs\controller\AngularController.cpp">
      <Filter>Source Files</Filter>
    </ClCompile>
    <ClCompile Include="libs\tools\Range.cpp">
      <Filter>Source Files</Filter>
    </ClCompile>
    <ClCompile Include="libs\interruptor\CompassRangeInterruptor.cpp">
      <Filter>Source Files</Filter>
    </ClCompile>
  </ItemGroup>
</Project>